
Microsoft Visual Studio Solution File, Format Version 12.00
# Visual Studio Version 17
VisualStudioVersion = 17.7.34003.232
MinimumVisualStudioVersion = 10.0.40219.1
Project("{FAE04EC0-301F-11D3-BF4B-00C04F79EFBC}") = "HomeworkProjekt", "HomeworkProjekt\HomeworkProjekt.csproj", "{752D0CAF-7328-4E75-AE4B-3BFC2B133791}"
EndProject
Global
	GlobalSection(SolutionConfigurationPlatforms) = preSolution
		Debug|Any CPU = Debug|Any CPU
		Release|Any CPU = Release|Any CPU
	EndGlobalSection
	GlobalSection(ProjectConfigurationPlatforms) = postSolution
		{752D0CAF-7328-4E75-AE4B-3BFC2B133791}.Debug|Any CPU.ActiveCfg = Debug|Any CPU
		{752D0CAF-7328-4E75-AE4B-3BFC2B133791}.Debug|Any CPU.Build.0 = Debug|Any CPU
		{752D0CAF-7328-4E75-AE4B-3BFC2B133791}.Release|Any CPU.ActiveCfg = Release|Any CPU
		{752D0CAF-7328-4E75-AE4B-3BFC2B133791}.Release|Any CPU.Build.0 = Release|Any CPU
	EndGlobalSection
	GlobalSection(SolutionProperties) = preSolution
		HideSolutionNode = FALSE
	EndGlobalSection
	GlobalSection(ExtensibilityGlobals) = postSolution
		SolutionGuid = {CEA1DB15-2E46-4A30-A1B2-B6BEFFA67B9F}
	EndGlobalSection
EndGlobal
